
Microsoft Visual Studio Solution File, Format Version 12.00
# Visual Studio Version 17
VisualStudioVersion = 17.11.35327.3
MinimumVisualStudioVersion = 10.0.40219.1
Project("{FAE04EC0-301F-11D3-BF4B-00C04F79EFBC}") = "AppInsightsTest", "AppInsightsTest.csproj", "{5D0D7EF1-B5B7-4FBF-BC11-9BBAB27567E2}"
EndProject
Global
	GlobalSection(SolutionConfigurationPlatforms) = preSolution
		Debug|Any CPU = Debug|Any CPU
		Release|Any CPU = Release|Any CPU
	EndGlobalSection
	GlobalSection(ProjectConfigurationPlatforms) = postSolution
		{5D0D7EF1-B5B7-4FBF-BC11-9BBAB27567E2}.Debug|Any CPU.ActiveCfg = Debug|Any CPU
		{5D0D7EF1-B5B7-4FBF-BC11-9BBAB27567E2}.Debug|Any CPU.Build.0 = Debug|Any CPU
		{5D0D7EF1-B5B7-4FBF-BC11-9BBAB27567E2}.Release|Any CPU.ActiveCfg = Release|Any CPU
		{5D0D7EF1-B5B7-4FBF-BC11-9BBAB27567E2}.Release|Any CPU.Build.0 = Release|Any CPU
	EndGlobalSection
	GlobalSection(SolutionProperties) = preSolution
		HideSolutionNode = FALSE
	EndGlobalSection
	GlobalSection(ExtensibilityGlobals) = postSolution
		SolutionGuid = {F7AAD19D-C744-4732-AFE9-3E4A02707BC0}
	EndGlobalSection
EndGlobal
